
Microsoft Visual Studio Solution File, Format Version 12.00
# Visual Studio Version 17
VisualStudioVersion = 17.6.33829.357
MinimumVisualStudioVersion = 10.0.40219.1
Project("{2150E333-8FDC-42A3-9474-1A3956D46DE8}") = "00_Domain", "00_Domain", "{02EA681E-C7D8-13C7-8484-4AC65E1B71E8}"
EndProject
Project("{2150E333-8FDC-42A3-9474-1A3956D46DE8}") = "01_Application", "01_Application", "{5561050C-A991-4258-8636-B5871C4B918F}"
EndProject
Project("{2150E333-8FDC-42A3-9474-1A3956D46DE8}") = "02_Infrastructure", "02_Infrastructure", "{21AE3B5E-DB0C-40BB-A8AC-915A39690C1F}"
EndProject
Project("{2150E333-8FDC-42A3-9474-1A3956D46DE8}") = "03_Shared", "03_Shared", "{D6F9170E-1901-4EFF-AF3C-D05777D6EBB0}"
EndProject
Project("{2150E333-8FDC-42A3-9474-1A3956D46DE8}") = "04_API", "04_API", "{0E36E71C-0CBD-4646-A5DD-76ADE81F4F4C}"
EndProject
Project("{2150E333-8FDC-42A3-9474-1A3956D46DE8}") = "05_Web", "05_Web", "{97EAA1C4-D38E-46DB-BCB2-C6CF5974A635}"
EndProject
Project("{2150E333-8FDC-42A3-9474-1A3956D46DE8}") = "06_MAUI", "06_MAUI", "{FCE17639-AB02-4BA2-955E-ED7A532C0925}"
EndProject
Project("{2150E333-8FDC-42A3-9474-1A3956D46DE8}") = "v2", "v2", "{D0250D61-D3D7-4D1A-90DD-AA5ED3F73315}"
EndProject
Project("{2150E333-8FDC-42A3-9474-1A3956D46DE8}") = "v1", "v1", "{D818C92B-E6AD-4289-8C88-6DBC5632CF3E}"
EndProject
Project("{FAE04EC0-301F-11D3-BF4B-00C04F79EFBC}") = "RecipeRecorder.Client", "v1\Client\RecipeRecorder.Client.csproj", "{712F41A1-0857-85AA-B845-92D1B50C419A}"
EndProject
Project("{FAE04EC0-301F-11D3-BF4B-00C04F79EFBC}") = "RecipeRecorder.Server", "v1\Server\RecipeRecorder.Server.csproj", "{A096820F-5421-2C97-310D-916960C4B54F}"
EndProject
Project("{FAE04EC0-301F-11D3-BF4B-00C04F79EFBC}") = "RecipeRecorder.Shared", "v1\Shared\RecipeRecorder.Shared.csproj", "{B7CE6D39-F0DE-9A1D-FEA6-13733F38F29C}"
EndProject
Project("{FAE04EC0-301F-11D3-BF4B-00C04F79EFBC}") = "RecipeRecorder.Domain", "v2\RecipeRecorder.Domain\RecipeRecorder.Domain.csproj", "{1604677E-6F6B-611C-229E-10AB2F5C4966}"
EndProject
Project("{FAE04EC0-301F-11D3-BF4B-00C04F79EFBC}") = "RecipeRecorder.Application", "v2\RecipeRecorder.Application\RecipeRecorder.Application.csproj", "{1442565B-C34D-4E8C-7C3E-F631459923BC}"
EndProject
Project("{FAE04EC0-301F-11D3-BF4B-00C04F79EFBC}") = "RecipeRecorder.Infrastructure", "v2\RecipeRecorder.Infrastructure\RecipeRecorder.Infrastructure.csproj", "{D0545C52-BE83-5595-20EA-6B3D987C1BAB}"
EndProject
Project("{FAE04EC0-301F-11D3-BF4B-00C04F79EFBC}") = "RecipeRecorder.Shared", "v2\RecipeRecorder.Shared\RecipeRecorder.Shared.csproj", "{283E7BF0-C561-FE9A-3ED9-05FD2286B445}"
EndProject
Project("{FAE04EC0-301F-11D3-BF4B-00C04F79EFBC}") = "RecipeRecorder.API", "v2\RecipeRecorder.API\RecipeRecorder.API.csproj", "{50AEC27C-9FA9-4FD9-D329-A9D8D5738AC4}"
EndProject
Project("{FAE04EC0-301F-11D3-BF4B-00C04F79EFBC}") = "RecipeRecorder.Web", "v2\RecipeRecorder.Web\RecipeRecorder.Web.csproj", "{370B3062-F5AA-7864-3FDD-0EFD813FFF02}"
EndProject
Project("{FAE04EC0-301F-11D3-BF4B-00C04F79EFBC}") = "RecipeRecorder.Maui", "v2\RecipeRecorder.Maui\RecipeRecorder.Maui.csproj", "{6210D019-A2C6-22E3-7433-656DCF6F205C}"
EndProject
Project("{FAE04EC0-301F-11D3-BF4B-00C04F79EFBC}") = "RecipeRecorder.SharedComponents", "RecipeRecorder.SharedComponents\RecipeRecorder.SharedComponents.csproj", "{EC2C61DA-F300-42AF-B974-22F83A96F782}"
EndProject
Global
	GlobalSection(SolutionConfigurationPlatforms) = preSolution
		Debug|Any CPU = Debug|Any CPU
		Release|Any CPU = Release|Any CPU
	EndGlobalSection
	GlobalSection(ProjectConfigurationPlatforms) = postSolution
		{712F41A1-0857-85AA-B845-92D1B50C419A}.Debug|Any CPU.ActiveCfg = Debug|Any CPU
		{712F41A1-0857-85AA-B845-92D1B50C419A}.Debug|Any CPU.Build.0 = Debug|Any CPU
		{712F41A1-0857-85AA-B845-92D1B50C419A}.Release|Any CPU.ActiveCfg = Release|Any CPU
		{712F41A1-0857-85AA-B845-92D1B50C419A}.Release|Any CPU.Build.0 = Release|Any CPU
		{A096820F-5421-2C97-310D-916960C4B54F}.Debug|Any CPU.ActiveCfg = Debug|Any CPU
		{A096820F-5421-2C97-310D-916960C4B54F}.Debug|Any CPU.Build.0 = Debug|Any CPU
		{A096820F-5421-2C97-310D-916960C4B54F}.Release|Any CPU.ActiveCfg = Release|Any CPU
		{A096820F-5421-2C97-310D-916960C4B54F}.Release|Any CPU.Build.0 = Release|Any CPU
		{B7CE6D39-F0DE-9A1D-FEA6-13733F38F29C}.Debug|Any CPU.ActiveCfg = Debug|Any CPU
		{B7CE6D39-F0DE-9A1D-FEA6-13733F38F29C}.Debug|Any CPU.Build.0 = Debug|Any CPU
		{B7CE6D39-F0DE-9A1D-FEA6-13733F38F29C}.Release|Any CPU.ActiveCfg = Release|Any CPU
		{B7CE6D39-F0DE-9A1D-FEA6-13733F38F29C}.Release|Any CPU.Build.0 = Release|Any CPU
		{1604677E-6F6B-611C-229E-10AB2F5C4966}.Debug|Any CPU.ActiveCfg = Debug|Any CPU
		{1604677E-6F6B-611C-229E-10AB2F5C4966}.Debug|Any CPU.Build.0 = Debug|Any CPU
		{1604677E-6F6B-611C-229E-10AB2F5C4966}.Release|Any CPU.ActiveCfg = Release|Any CPU
		{1604677E-6F6B-611C-229E-10AB2F5C4966}.Release|Any CPU.Build.0 = Release|Any CPU
		{1442565B-C34D-4E8C-7C3E-F631459923BC}.Debug|Any CPU.ActiveCfg = Debug|Any CPU
		{1442565B-C34D-4E8C-7C3E-F631459923BC}.Debug|Any CPU.Build.0 = Debug|Any CPU
		{1442565B-C34D-4E8C-7C3E-F631459923BC}.Release|Any CPU.ActiveCfg = Release|Any CPU
		{1442565B-C34D-4E8C-7C3E-F631459923BC}.Release|Any CPU.Build.0 = Release|Any CPU
		{D0545C52-BE83-5595-20EA-6B3D987C1BAB}.Debug|Any CPU.ActiveCfg = Debug|Any CPU
		{D0545C52-BE83-5595-20EA-6B3D987C1BAB}.Debug|Any CPU.Build.0 = Debug|Any CPU
		{D0545C52-BE83-5595-20EA-6B3D987C1BAB}.Release|Any CPU.ActiveCfg = Release|Any CPU
		{D0545C52-BE83-5595-20EA-6B3D987C1BAB}.Release|Any CPU.Build.0 = Release|Any CPU
		{283E7BF0-C561-FE9A-3ED9-05FD2286B445}.Debug|Any CPU.ActiveCfg = Debug|Any CPU
		{283E7BF0-C561-FE9A-3ED9-05FD2286B445}.Debug|Any CPU.Build.0 = Debug|Any CPU
		{283E7BF0-C561-FE9A-3ED9-05FD2286B445}.Release|Any CPU.ActiveCfg = Release|Any CPU
		{283E7BF0-C561-FE9A-3ED9-05FD2286B445}.Release|Any CPU.Build.0 = Release|Any CPU
		{50AEC27C-9FA9-4FD9-D329-A9D8D5738AC4}.Debug|Any CPU.ActiveCfg = Debug|Any CPU
		{50AEC27C-9FA9-4FD9-D329-A9D8D5738AC4}.Debug|Any CPU.Build.0 = Debug|Any CPU
		{50AEC27C-9FA9-4FD9-D329-A9D8D5738AC4}.Release|Any CPU.ActiveCfg = Release|Any CPU
		{50AEC27C-9FA9-4FD9-D329-A9D8D5738AC4}.Release|Any CPU.Build.0 = Release|Any CPU
		{370B3062-F5AA-7864-3FDD-0EFD813FFF02}.Debug|Any CPU.ActiveCfg = Debug|Any CPU
		{370B3062-F5AA-7864-3FDD-0EFD813FFF02}.Debug|Any CPU.Build.0 = Debug|Any CPU
		{370B3062-F5AA-7864-3FDD-0EFD813FFF02}.Release|Any CPU.ActiveCfg = Release|Any CPU
		{370B3062-F5AA-7864-3FDD-0EFD813FFF02}.Release|Any CPU.Build.0 = Release|Any CPU
		{6210D019-A2C6-22E3-7433-656DCF6F205C}.Debug|Any CPU.ActiveCfg = Debug|Any CPU
		{6210D019-A2C6-22E3-7433-656DCF6F205C}.Debug|Any CPU.Build.0 = Debug|Any CPU
		{6210D019-A2C6-22E3-7433-656DCF6F205C}.Debug|Any CPU.Deploy.0 = Debug|Any CPU
		{6210D019-A2C6-22E3-7433-656DCF6F205C}.Release|Any CPU.ActiveCfg = Release|Any CPU
		{6210D019-A2C6-22E3-7433-656DCF6F205C}.Release|Any CPU.Build.0 = Release|Any CPU
		{EC2C61DA-F300-42AF-B974-22F83A96F782}.Debug|Any CPU.ActiveCfg = Debug|Any CPU
		{EC2C61DA-F300-42AF-B974-22F83A96F782}.Debug|Any CPU.Build.0 = Debug|Any CPU
		{EC2C61DA-F300-42AF-B974-22F83A96F782}.Release|Any CPU.ActiveCfg = Release|Any CPU
		{EC2C61DA-F300-42AF-B974-22F83A96F782}.Release|Any CPU.Build.0 = Release|Any CPU
	EndGlobalSection
	GlobalSection(SolutionProperties) = preSolution
		HideSolutionNode = FALSE
	EndGlobalSection
	GlobalSection(NestedProjects) = preSolution
		{02EA681E-C7D8-13C7-8484-4AC65E1B71E8} = {D0250D61-D3D7-4D1A-90DD-AA5ED3F73315}
		{5561050C-A991-4258-8636-B5871C4B918F} = {D0250D61-D3D7-4D1A-90DD-AA5ED3F73315}
		{21AE3B5E-DB0C-40BB-A8AC-915A39690C1F} = {D0250D61-D3D7-4D1A-90DD-AA5ED3F73315}
		{D6F9170E-1901-4EFF-AF3C-D05777D6EBB0} = {D0250D61-D3D7-4D1A-90DD-AA5ED3F73315}
		{0E36E71C-0CBD-4646-A5DD-76ADE81F4F4C} = {D0250D61-D3D7-4D1A-90DD-AA5ED3F73315}
		{97EAA1C4-D38E-46DB-BCB2-C6CF5974A635} = {D0250D61-D3D7-4D1A-90DD-AA5ED3F73315}
		{FCE17639-AB02-4BA2-955E-ED7A532C0925} = {D0250D61-D3D7-4D1A-90DD-AA5ED3F73315}
		{712F41A1-0857-85AA-B845-92D1B50C419A} = {D818C92B-E6AD-4289-8C88-6DBC5632CF3E}
		{A096820F-5421-2C97-310D-916960C4B54F} = {D818C92B-E6AD-4289-8C88-6DBC5632CF3E}
		{B7CE6D39-F0DE-9A1D-FEA6-13733F38F29C} = {D818C92B-E6AD-4289-8C88-6DBC5632CF3E}
		{1604677E-6F6B-611C-229E-10AB2F5C4966} = {02EA681E-C7D8-13C7-8484-4AC65E1B71E8}
		{1442565B-C34D-4E8C-7C3E-F631459923BC} = {5561050C-A991-4258-8636-B5871C4B918F}
		{D0545C52-BE83-5595-20EA-6B3D987C1BAB} = {21AE3B5E-DB0C-40BB-A8AC-915A39690C1F}
		{283E7BF0-C561-FE9A-3ED9-05FD2286B445} = {D6F9170E-1901-4EFF-AF3C-D05777D6EBB0}
		{50AEC27C-9FA9-4FD9-D329-A9D8D5738AC4} = {0E36E71C-0CBD-4646-A5DD-76ADE81F4F4C}
		{370B3062-F5AA-7864-3FDD-0EFD813FFF02} = {97EAA1C4-D38E-46DB-BCB2-C6CF5974A635}
		{6210D019-A2C6-22E3-7433-656DCF6F205C} = {FCE17639-AB02-4BA2-955E-ED7A532C0925}
		{EC2C61DA-F300-42AF-B974-22F83A96F782} = {D6F9170E-1901-4EFF-AF3C-D05777D6EBB0}
	EndGlobalSection
	GlobalSection(ExtensibilityGlobals) = postSolution
		SolutionGuid = {60211662-39EF-4201-B29E-4AB9F508F16F}
	EndGlobalSection
EndGlobal
