
Microsoft Visual Studio Solution File, Format Version 12.00
# Visual Studio Version 17
VisualStudioVersion = 17.6.33829.357
MinimumVisualStudioVersion = 10.0.40219.1
Project("{9A19103F-16F7-4668-BE54-9A1E7A4F7556}") = "RecipeRecorder.Server", "Server\RecipeRecorder.Server.csproj", "{3E8A738F-AA68-4945-9D44-ECA76298DDED}"
EndProject
Project("{9A19103F-16F7-4668-BE54-9A1E7A4F7556}") = "RecipeRecorder.Client", "Client\RecipeRecorder.Client.csproj", "{8667B613-A232-472B-A244-45223A2E5A28}"
EndProject
Project("{9A19103F-16F7-4668-BE54-9A1E7A4F7556}") = "RecipeRecorder.Shared", "Shared\RecipeRecorder.Shared.csproj", "{B3EEA5A6-06BA-4679-99A0-ABFEBB5DBC6A}"
EndProject
Global
	GlobalSection(SolutionConfigurationPlatforms) = preSolution
		Debug|Any CPU = Debug|Any CPU
		Release|Any CPU = Release|Any CPU
	EndGlobalSection
	GlobalSection(ProjectConfigurationPlatforms) = postSolution
		{3E8A738F-AA68-4945-9D44-ECA76298DDED}.Debug|Any CPU.ActiveCfg = Debug|Any CPU
		{3E8A738F-AA68-4945-9D44-ECA76298DDED}.Debug|Any CPU.Build.0 = Debug|Any CPU
		{3E8A738F-AA68-4945-9D44-ECA76298DDED}.Release|Any CPU.ActiveCfg = Release|Any CPU
		{3E8A738F-AA68-4945-9D44-ECA76298DDED}.Release|Any CPU.Build.0 = Release|Any CPU
		{8667B613-A232-472B-A244-45223A2E5A28}.Debug|Any CPU.ActiveCfg = Debug|Any CPU
		{8667B613-A232-472B-A244-45223A2E5A28}.Debug|Any CPU.Build.0 = Debug|Any CPU
		{8667B613-A232-472B-A244-45223A2E5A28}.Release|Any CPU.ActiveCfg = Release|Any CPU
		{8667B613-A232-472B-A244-45223A2E5A28}.Release|Any CPU.Build.0 = Release|Any CPU
		{B3EEA5A6-06BA-4679-99A0-ABFEBB5DBC6A}.Debug|Any CPU.ActiveCfg = Debug|Any CPU
		{B3EEA5A6-06BA-4679-99A0-ABFEBB5DBC6A}.Debug|Any CPU.Build.0 = Debug|Any CPU
		{B3EEA5A6-06BA-4679-99A0-ABFEBB5DBC6A}.Release|Any CPU.ActiveCfg = Release|Any CPU
		{B3EEA5A6-06BA-4679-99A0-ABFEBB5DBC6A}.Release|Any CPU.Build.0 = Release|Any CPU
	EndGlobalSection
	GlobalSection(SolutionProperties) = preSolution
		HideSolutionNode = FALSE
	EndGlobalSection
	GlobalSection(ExtensibilityGlobals) = postSolution
		SolutionGuid = {60211662-39EF-4201-B29E-4AB9F508F16F}
	EndGlobalSection
EndGlobal
