
Microsoft Visual Studio Solution File, Format Version 12.00
# Visual Studio Version 17
VisualStudioVersion = 17.6.33829.357
MinimumVisualStudioVersion = 10.0.40219.1
Project("{FAE04EC0-301F-11D3-BF4B-00C04F79EFBC}") = "RecipeRecorder.API", "RecipeRecorder.API\RecipeRecorder.API.csproj", "{0FD060E2-BBD2-4091-8EAD-341C4D631E3C}"
	ProjectSection(ProjectDependencies) = postProject
		{12062C3D-18B6-4C6B-AD56-32BB47804EEB} = {12062C3D-18B6-4C6B-AD56-32BB47804EEB}
	EndProjectSection
EndProject
Project("{FAE04EC0-301F-11D3-BF4B-00C04F79EFBC}") = "RecipeRecorder.Web", "RecipeRecorder.Web\RecipeRecorder.Web.csproj", "{C79848A5-549D-4530-ADD0-07A70936C60B}"
	ProjectSection(ProjectDependencies) = postProject
		{0FD060E2-BBD2-4091-8EAD-341C4D631E3C} = {0FD060E2-BBD2-4091-8EAD-341C4D631E3C}
		{12062C3D-18B6-4C6B-AD56-32BB47804EEB} = {12062C3D-18B6-4C6B-AD56-32BB47804EEB}
	EndProjectSection
EndProject
Project("{FAE04EC0-301F-11D3-BF4B-00C04F79EFBC}") = "RecipeRecorder.Maui", "RecipeRecorder.Maui\RecipeRecorder.Maui.csproj", "{5FC2E9D6-6A23-4238-B26D-7D56EA1F5E04}"
	ProjectSection(ProjectDependencies) = postProject
		{12062C3D-18B6-4C6B-AD56-32BB47804EEB} = {12062C3D-18B6-4C6B-AD56-32BB47804EEB}
		{C79848A5-549D-4530-ADD0-07A70936C60B} = {C79848A5-549D-4530-ADD0-07A70936C60B}
	EndProjectSection
EndProject
Project("{FAE04EC0-301F-11D3-BF4B-00C04F79EFBC}") = "RecipeRecorder.Domain", "RecipeRecorder.Domain\RecipeRecorder.Domain.csproj", "{CD7B32A8-E99F-433A-B8C3-19A5068D0CD3}"
EndProject
Project("{FAE04EC0-301F-11D3-BF4B-00C04F79EFBC}") = "RecipeRecorder.Application", "RecipeRecorder.Application\RecipeRecorder.Application.csproj", "{71B93F06-55CA-4CEC-8B51-6D441A6FC273}"
	ProjectSection(ProjectDependencies) = postProject
		{CD7B32A8-E99F-433A-B8C3-19A5068D0CD3} = {CD7B32A8-E99F-433A-B8C3-19A5068D0CD3}
	EndProjectSection
EndProject
Project("{FAE04EC0-301F-11D3-BF4B-00C04F79EFBC}") = "RecipeRecorder.Shared", "RecipeRecorder.Shared\RecipeRecorder.Shared.csproj", "{12062C3D-18B6-4C6B-AD56-32BB47804EEB}"
EndProject
Project("{2150E333-8FDC-42A3-9474-1A3956D46DE8}") = "00_Domain", "00_Domain", "{02EA681E-C7D8-13C7-8484-4AC65E1B71E8}"
EndProject
Project("{2150E333-8FDC-42A3-9474-1A3956D46DE8}") = "01_Application", "01_Application", "{5561050C-A991-4258-8636-B5871C4B918F}"
EndProject
Project("{2150E333-8FDC-42A3-9474-1A3956D46DE8}") = "02_Infrastructure", "02_Infrastructure", "{21AE3B5E-DB0C-40BB-A8AC-915A39690C1F}"
EndProject
Project("{2150E333-8FDC-42A3-9474-1A3956D46DE8}") = "03_Shared", "03_Shared", "{D6F9170E-1901-4EFF-AF3C-D05777D6EBB0}"
EndProject
Project("{2150E333-8FDC-42A3-9474-1A3956D46DE8}") = "04_API", "04_API", "{0E36E71C-0CBD-4646-A5DD-76ADE81F4F4C}"
EndProject
Project("{2150E333-8FDC-42A3-9474-1A3956D46DE8}") = "05_Web", "05_Web", "{97EAA1C4-D38E-46DB-BCB2-C6CF5974A635}"
EndProject
Project("{2150E333-8FDC-42A3-9474-1A3956D46DE8}") = "06_MAUI", "06_MAUI", "{FCE17639-AB02-4BA2-955E-ED7A532C0925}"
EndProject
Project("{FAE04EC0-301F-11D3-BF4B-00C04F79EFBC}") = "RecipeRecorder.Infrastructure", "RecipeRecorder.Infrastructure\RecipeRecorder.Infrastructure.csproj", "{43DCE2A7-D044-961F-0B9E-AA16D81A2C73}"
EndProject
Project("{FAE04EC0-301F-11D3-BF4B-00C04F79EFBC}") = "RecipeRecorder.Application.Tests", "RecipeRecorder.Application.Tests\RecipeRecorder.Application.Tests.csproj", "{55428116-C170-26B6-27DD-354E1105A475}"
EndProject
Global
	GlobalSection(SolutionConfigurationPlatforms) = preSolution
		Debug|Any CPU = Debug|Any CPU
		Release|Any CPU = Release|Any CPU
	EndGlobalSection
	GlobalSection(ProjectConfigurationPlatforms) = postSolution
		{0FD060E2-BBD2-4091-8EAD-341C4D631E3C}.Debug|Any CPU.ActiveCfg = Debug|Any CPU
		{0FD060E2-BBD2-4091-8EAD-341C4D631E3C}.Debug|Any CPU.Build.0 = Debug|Any CPU
		{0FD060E2-BBD2-4091-8EAD-341C4D631E3C}.Release|Any CPU.ActiveCfg = Release|Any CPU
		{0FD060E2-BBD2-4091-8EAD-341C4D631E3C}.Release|Any CPU.Build.0 = Release|Any CPU
		{C79848A5-549D-4530-ADD0-07A70936C60B}.Debug|Any CPU.ActiveCfg = Debug|Any CPU
		{C79848A5-549D-4530-ADD0-07A70936C60B}.Debug|Any CPU.Build.0 = Debug|Any CPU
		{C79848A5-549D-4530-ADD0-07A70936C60B}.Release|Any CPU.ActiveCfg = Release|Any CPU
		{C79848A5-549D-4530-ADD0-07A70936C60B}.Release|Any CPU.Build.0 = Release|Any CPU
		{5FC2E9D6-6A23-4238-B26D-7D56EA1F5E04}.Debug|Any CPU.ActiveCfg = Debug|Any CPU
		{5FC2E9D6-6A23-4238-B26D-7D56EA1F5E04}.Debug|Any CPU.Build.0 = Debug|Any CPU
		{5FC2E9D6-6A23-4238-B26D-7D56EA1F5E04}.Release|Any CPU.ActiveCfg = Release|Any CPU
		{5FC2E9D6-6A23-4238-B26D-7D56EA1F5E04}.Release|Any CPU.Build.0 = Release|Any CPU
		{CD7B32A8-E99F-433A-B8C3-19A5068D0CD3}.Debug|Any CPU.ActiveCfg = Debug|Any CPU
		{CD7B32A8-E99F-433A-B8C3-19A5068D0CD3}.Debug|Any CPU.Build.0 = Debug|Any CPU
		{CD7B32A8-E99F-433A-B8C3-19A5068D0CD3}.Release|Any CPU.ActiveCfg = Release|Any CPU
		{CD7B32A8-E99F-433A-B8C3-19A5068D0CD3}.Release|Any CPU.Build.0 = Release|Any CPU
		{71B93F06-55CA-4CEC-8B51-6D441A6FC273}.Debug|Any CPU.ActiveCfg = Debug|Any CPU
		{71B93F06-55CA-4CEC-8B51-6D441A6FC273}.Debug|Any CPU.Build.0 = Debug|Any CPU
		{71B93F06-55CA-4CEC-8B51-6D441A6FC273}.Release|Any CPU.ActiveCfg = Release|Any CPU
		{71B93F06-55CA-4CEC-8B51-6D441A6FC273}.Release|Any CPU.Build.0 = Release|Any CPU
		{12062C3D-18B6-4C6B-AD56-32BB47804EEB}.Debug|Any CPU.ActiveCfg = Debug|Any CPU
		{12062C3D-18B6-4C6B-AD56-32BB47804EEB}.Debug|Any CPU.Build.0 = Debug|Any CPU
		{12062C3D-18B6-4C6B-AD56-32BB47804EEB}.Release|Any CPU.ActiveCfg = Release|Any CPU
		{12062C3D-18B6-4C6B-AD56-32BB47804EEB}.Release|Any CPU.Build.0 = Release|Any CPU
		{43DCE2A7-D044-961F-0B9E-AA16D81A2C73}.Debug|Any CPU.ActiveCfg = Debug|Any CPU
		{43DCE2A7-D044-961F-0B9E-AA16D81A2C73}.Debug|Any CPU.Build.0 = Debug|Any CPU
		{43DCE2A7-D044-961F-0B9E-AA16D81A2C73}.Release|Any CPU.ActiveCfg = Release|Any CPU
		{43DCE2A7-D044-961F-0B9E-AA16D81A2C73}.Release|Any CPU.Build.0 = Release|Any CPU
		{55428116-C170-26B6-27DD-354E1105A475}.Debug|Any CPU.ActiveCfg = Debug|Any CPU
		{55428116-C170-26B6-27DD-354E1105A475}.Debug|Any CPU.Build.0 = Debug|Any CPU
		{55428116-C170-26B6-27DD-354E1105A475}.Release|Any CPU.ActiveCfg = Release|Any CPU
		{55428116-C170-26B6-27DD-354E1105A475}.Release|Any CPU.Build.0 = Release|Any CPU
	EndGlobalSection
	GlobalSection(SolutionProperties) = preSolution
		HideSolutionNode = FALSE
	EndGlobalSection
	GlobalSection(NestedProjects) = preSolution
		{0FD060E2-BBD2-4091-8EAD-341C4D631E3C} = {0E36E71C-0CBD-4646-A5DD-76ADE81F4F4C}
		{C79848A5-549D-4530-ADD0-07A70936C60B} = {97EAA1C4-D38E-46DB-BCB2-C6CF5974A635}
		{5FC2E9D6-6A23-4238-B26D-7D56EA1F5E04} = {FCE17639-AB02-4BA2-955E-ED7A532C0925}
		{CD7B32A8-E99F-433A-B8C3-19A5068D0CD3} = {02EA681E-C7D8-13C7-8484-4AC65E1B71E8}
		{71B93F06-55CA-4CEC-8B51-6D441A6FC273} = {5561050C-A991-4258-8636-B5871C4B918F}
		{12062C3D-18B6-4C6B-AD56-32BB47804EEB} = {D6F9170E-1901-4EFF-AF3C-D05777D6EBB0}
		{43DCE2A7-D044-961F-0B9E-AA16D81A2C73} = {21AE3B5E-DB0C-40BB-A8AC-915A39690C1F}
		{55428116-C170-26B6-27DD-354E1105A475} = {5561050C-A991-4258-8636-B5871C4B918F}
	EndGlobalSection
	GlobalSection(ExtensibilityGlobals) = postSolution
		SolutionGuid = {60211662-39EF-4201-B29E-4AB9F508F16F}
	EndGlobalSection
EndGlobal
